// !$*UTF8*$!
{
	archiveVersion = 1;
	classes = {
	};
	objectVersion = 50;
	objects = {

/* Begin PBXBuildFile section */
		35BE859924F5F06B003408AE /* AppDelegate.swift in Sources */ = {isa = PBXBuildFile; fileRef = 35BE859824F5F06B003408AE /* AppDelegate.swift */; };
		35BE859B24F5F06B003408AE /* SceneDelegate.swift in Sources */ = {isa = PBXBuildFile; fileRef = 35BE859A24F5F06B003408AE /* SceneDelegate.swift */; };
		35BE859D24F5F06B003408AE /* ViewController.swift in Sources */ = {isa = PBXBuildFile; fileRef = 35BE859C24F5F06B003408AE /* ViewController.swift */; };
		35BE85A024F5F06B003408AE /* Main.storyboard in Resources */ = {isa = PBXBuildFile; fileRef = 35BE859E24F5F06B003408AE /* Main.storyboard */; };
		35BE85A224F5F06D003408AE /* Assets.xcassets in Resources */ = {isa = PBXBuildFile; fileRef = 35BE85A124F5F06D003408AE /* Assets.xcassets */; };
		35BE85A524F5F06D003408AE /* LaunchScreen.storyboard in Resources */ = {isa = PBXBuildFile; fileRef = 35BE85A324F5F06D003408AE /* LaunchScreen.storyboard */; };
		35BE85AA24F5F06E003408AE /* SunriseApp WatchKit App.app in Embed Watch Content */ = {isa = PBXBuildFile; fileRef = 35BE85A924F5F06E003408AE /* SunriseApp WatchKit App.app */; settings = {ATTRIBUTES = (RemoveHeadersOnCopy, ); }; };
		35BE85B024F5F06E003408AE /* Interface.storyboard in Resources */ = {isa = PBXBuildFile; fileRef = 35BE85AE24F5F06E003408AE /* Interface.storyboard */; };
		35BE85B224F5F06E003408AE /* Assets.xcassets in Resources */ = {isa = PBXBuildFile; fileRef = 35BE85B124F5F06E003408AE /* Assets.xcassets */; };
		35BE85B924F5F06E003408AE /* SunriseApp WatchKit Extension.appex in Embed App Extensions */ = {isa = PBXBuildFile; fileRef = 35BE85B824F5F06E003408AE /* SunriseApp WatchKit Extension.appex */; settings = {ATTRIBUTES = (RemoveHeadersOnCopy, ); }; };
		35BE85BE24F5F06E003408AE /* InterfaceController.swift in Sources */ = {isa = PBXBuildFile; fileRef = 35BE85BD24F5F06E003408AE /* InterfaceController.swift */; };
		35BE85C024F5F06E003408AE /* ExtensionDelegate.swift in Sources */ = {isa = PBXBuildFile; fileRef = 35BE85BF24F5F06E003408AE /* ExtensionDelegate.swift */; };
		35BE85C224F5F06F003408AE /* Assets.xcassets in Resources */ = {isa = PBXBuildFile; fileRef = 35BE85C124F5F06F003408AE /* Assets.xcassets */; };
/* End PBXBuildFile section */

/* Begin PBXContainerItemProxy section */
		35BE85AB24F5F06E003408AE /* PBXContainerItemProxy */ = {
			isa = PBXContainerItemProxy;
			containerPortal = 35BE858D24F5F06B003408AE /* Project object */;
			proxyType = 1;
			remoteGlobalIDString = 35BE85A824F5F06E003408AE;
			remoteInfo = "SunriseApp WatchKit App";
		};
		35BE85BA24F5F06E003408AE /* PBXContainerItemProxy */ = {
			isa = PBXContainerItemProxy;
			containerPortal = 35BE858D24F5F06B003408AE /* Project object */;
			proxyType = 1;
			remoteGlobalIDString = 35BE85B724F5F06E003408AE;
			remoteInfo = "SunriseApp WatchKit Extension";
		};
/* End PBXContainerItemProxy section */

/* Begin PBXCopyFilesBuildPhase section */
		35BE85C924F5F06F003408AE /* Embed App Extensions */ = {
			isa = PBXCopyFilesBuildPhase;
			buildActionMask = 2147483647;
			dstPath = "";
			dstSubfolderSpec = 13;
			files = (
				35BE85B924F5F06E003408AE /* SunriseApp WatchKit Extension.appex in Embed App Extensions */,
			);
			name = "Embed App Extensions";
			runOnlyForDeploymentPostprocessing = 0;
		};
		35BE85CD24F5F06F003408AE /* Embed Watch Content */ = {
			isa = PBXCopyFilesBuildPhase;
			buildActionMask = 2147483647;
			dstPath = "$(CONTENTS_FOLDER_PATH)/Watch";
			dstSubfolderSpec = 16;
			files = (
				35BE85AA24F5F06E003408AE /* SunriseApp WatchKit App.app in Embed Watch Content */,
			);
			name = "Embed Watch Content";
			runOnlyForDeploymentPostprocessing = 0;
		};
/* End PBXCopyFilesBuildPhase section */

/* Begin PBXFileReference section */
		35BE859524F5F06B003408AE /* SunriseApp.app */ = {isa = PBXFileReference; explicitFileType = wrapper.application; includeInIndex = 0; path = SunriseApp.app; sourceTree = BUILT_PRODUCTS_DIR; };
		35BE859824F5F06B003408AE /* AppDelegate.swift */ = {isa = PBXFileReference; lastKnownFileType = sourcecode.swift; path = AppDelegate.swift; sourceTree = "<group>"; };
		35BE859A24F5F06B003408AE /* SceneDelegate.swift */ = {isa = PBXFileReference; lastKnownFileType = sourcecode.swift; path = SceneDelegate.swift; sourceTree = "<group>"; };
		35BE859C24F5F06B003408AE /* ViewController.swift */ = {isa = PBXFileReference; lastKnownFileType = sourcecode.swift; path = ViewController.swift; sourceTree = "<group>"; };
		35BE859F24F5F06B003408AE /* Base */ = {isa = PBXFileReference; lastKnownFileType = file.storyboard; name = Base; path = Base.lproj/Main.storyboard; sourceTree = "<group>"; };
		35BE85A124F5F06D003408AE /* Assets.xcassets */ = {isa = PBXFileReference; lastKnownFileType = folder.assetcatalog; path = Assets.xcassets; sourceTree = "<group>"; };
		35BE85A424F5F06D003408AE /* Base */ = {isa = PBXFileReference; lastKnownFileType = file.storyboard; name = Base; path = Base.lproj/LaunchScreen.storyboard; sourceTree = "<group>"; };
		35BE85A624F5F06D003408AE /* Info.plist */ = {isa = PBXFileReference; lastKnownFileType = text.plist.xml; path = Info.plist; sourceTree = "<group>"; };
		35BE85A924F5F06E003408AE /* SunriseApp WatchKit App.app */ = {isa = PBXFileReference; explicitFileType = wrapper.application; includeInIndex = 0; path = "SunriseApp WatchKit App.app"; sourceTree = BUILT_PRODUCTS_DIR; };
		35BE85AF24F5F06E003408AE /* Base */ = {isa = PBXFileReference; lastKnownFileType = file.storyboard; name = Base; path = Base.lproj/Interface.storyboard; sourceTree = "<group>"; };
		35BE85B124F5F06E003408AE /* Assets.xcassets */ = {isa = PBXFileReference; lastKnownFileType = folder.assetcatalog; path = Assets.xcassets; sourceTree = "<group>"; };
		35BE85B324F5F06E003408AE /* Info.plist */ = {isa = PBXFileReference; lastKnownFileType = text.plist.xml; path = Info.plist; sourceTree = "<group>"; };
		35BE85B824F5F06E003408AE /* SunriseApp WatchKit Extension.appex */ = {isa = PBXFileReference; explicitFileType = "wrapper.app-extension"; includeInIndex = 0; path = "SunriseApp WatchKit Extension.appex"; sourceTree = BUILT_PRODUCTS_DIR; };
		35BE85BD24F5F06E003408AE /* InterfaceController.swift */ = {isa = PBXFileReference; lastKnownFileType = sourcecode.swift; path = InterfaceController.swift; sourceTree = "<group>"; };
		35BE85BF24F5F06E003408AE /* ExtensionDelegate.swift */ = {isa = PBXFileReference; lastKnownFileType = sourcecode.swift; path = ExtensionDelegate.swift; sourceTree = "<group>"; };
		35BE85C124F5F06F003408AE /* Assets.xcassets */ = {isa = PBXFileReference; lastKnownFileType = folder.assetcatalog; path = Assets.xcassets; sourceTree = "<group>"; };
		35BE85C324F5F06F003408AE /* Info.plist */ = {isa = PBXFileReference; lastKnownFileType = text.plist.xml; path = Info.plist; sourceTree = "<group>"; };
/* End PBXFileReference section */

/* Begin PBXFrameworksBuildPhase section */
		35BE859224F5F06B003408AE /* Frameworks */ = {
			isa = PBXFrameworksBuildPhase;
			buildActionMask = 2147483647;
			files = (
			);
			runOnlyForDeploymentPostprocessing = 0;
		};
		35BE85B524F5F06E003408AE /* Frameworks */ = {
			isa = PBXFrameworksBuildPhase;
			buildActionMask = 2147483647;
			files = (
			);
			runOnlyForDeploymentPostprocessing = 0;
		};
/* End PBXFrameworksBuildPhase section */

/* Begin PBXGroup section */
		35BE858C24F5F06B003408AE = {
			isa = PBXGroup;
			children = (
				35BE859724F5F06B003408AE /* SunriseApp */,
				35BE85AD24F5F06E003408AE /* SunriseApp WatchKit App */,
				35BE85BC24F5F06E003408AE /* SunriseApp WatchKit Extension */,
				35BE859624F5F06B003408AE /* Products */,
			);
			sourceTree = "<group>";
		};
		35BE859624F5F06B003408AE /* Products */ = {
			isa = PBXGroup;
			children = (
				35BE859524F5F06B003408AE /* SunriseApp.app */,
				35BE85A924F5F06E003408AE /* SunriseApp WatchKit App.app */,
				35BE85B824F5F06E003408AE /* SunriseApp WatchKit Extension.appex */,
			);
			name = Products;
			sourceTree = "<group>";
		};
		35BE859724F5F06B003408AE /* SunriseApp */ = {
			isa = PBXGroup;
			children = (
				35BE859824F5F06B003408AE /* AppDelegate.swift */,
				35BE859A24F5F06B003408AE /* SceneDelegate.swift */,
				35BE859C24F5F06B003408AE /* ViewController.swift */,
				35BE859E24F5F06B003408AE /* Main.storyboard */,
				35BE85A124F5F06D003408AE /* Assets.xcassets */,
				35BE85A324F5F06D003408AE /* LaunchScreen.storyboard */,
				35BE85A624F5F06D003408AE /* Info.plist */,
			);
			path = SunriseApp;
			sourceTree = "<group>";
		};
		35BE85AD24F5F06E003408AE /* SunriseApp WatchKit App */ = {
			isa = PBXGroup;
			children = (
				35BE85AE24F5F06E003408AE /* Interface.storyboard */,
				35BE85B124F5F06E003408AE /* Assets.xcassets */,
				35BE85B324F5F06E003408AE /* Info.plist */,
			);
			path = "SunriseApp WatchKit App";
			sourceTree = "<group>";
		};
		35BE85BC24F5F06E003408AE /* SunriseApp WatchKit Extension */ = {
			isa = PBXGroup;
			children = (
				35BE85BD24F5F06E003408AE /* InterfaceController.swift */,
				35BE85BF24F5F06E003408AE /* ExtensionDelegate.swift */,
				35BE85C124F5F06F003408AE /* Assets.xcassets */,
				35BE85C324F5F06F003408AE /* Info.plist */,
			);
			path = "SunriseApp WatchKit Extension";
			sourceTree = "<group>";
		};
/* End PBXGroup section */

/* Begin PBXNativeTarget section */
		35BE859424F5F06B003408AE /* SunriseApp */ = {
			isa = PBXNativeTarget;
			buildConfigurationList = 35BE85CE24F5F06F003408AE /* Build configuration list for PBXNativeTarget "SunriseApp" */;
			buildPhases = (
				35BE859124F5F06B003408AE /* Sources */,
				35BE859224F5F06B003408AE /* Frameworks */,
				35BE859324F5F06B003408AE /* Resources */,
				35BE85CD24F5F06F003408AE /* Embed Watch Content */,
			);
			buildRules = (
			);
			dependencies = (
				35BE85AC24F5F06E003408AE /* PBXTargetDependency */,
			);
			name = SunriseApp;
			productName = SunriseApp;
			productReference = 35BE859524F5F06B003408AE /* SunriseApp.app */;
			productType = "com.apple.product-type.application";
		};
		35BE85A824F5F06E003408AE /* SunriseApp WatchKit App */ = {
			isa = PBXNativeTarget;
			buildConfigurationList = 35BE85CA24F5F06F003408AE /* Build configuration list for PBXNativeTarget "SunriseApp WatchKit App" */;
			buildPhases = (
				35BE85A724F5F06E003408AE /* Resources */,
				35BE85C924F5F06F003408AE /* Embed App Extensions */,
			);
			buildRules = (
			);
			dependencies = (
				35BE85BB24F5F06E003408AE /* PBXTargetDependency */,
			);
			name = "SunriseApp WatchKit App";
			productName = "SunriseApp WatchKit App";
			productReference = 35BE85A924F5F06E003408AE /* SunriseApp WatchKit App.app */;
			productType = "com.apple.product-type.application.watchapp2";
		};
		35BE85B724F5F06E003408AE /* SunriseApp WatchKit Extension */ = {
			isa = PBXNativeTarget;
			buildConfigurationList = 35BE85C624F5F06F003408AE /* Build configuration list for PBXNativeTarget "SunriseApp WatchKit Extension" */;
			buildPhases = (
				35BE85B424F5F06E003408AE /* Sources */,
				35BE85B524F5F06E003408AE /* Frameworks */,
				35BE85B624F5F06E003408AE /* Resources */,
			);
			buildRules = (
			);
			dependencies = (
			);
			name = "SunriseApp WatchKit Extension";
			productName = "SunriseApp WatchKit Extension";
			productReference = 35BE85B824F5F06E003408AE /* SunriseApp WatchKit Extension.appex */;
			productType = "com.apple.product-type.watchkit2-extension";
		};
/* End PBXNativeTarget section */

/* Begin PBXProject section */
		35BE858D24F5F06B003408AE /* Project object */ = {
			isa = PBXProject;
			attributes = {
				LastSwiftUpdateCheck = 1160;
				LastUpgradeCheck = 1160;
				ORGANIZATIONNAME = "Simran Thakkar";
				TargetAttributes = {
					35BE859424F5F06B003408AE = {
						CreatedOnToolsVersion = 11.6;
					};
					35BE85A824F5F06E003408AE = {
						CreatedOnToolsVersion = 11.6;
					};
					35BE85B724F5F06E003408AE = {
						CreatedOnToolsVersion = 11.6;
					};
				};
			};
			buildConfigurationList = 35BE859024F5F06B003408AE /* Build configuration list for PBXProject "SunriseApp" */;
			compatibilityVersion = "Xcode 9.3";
			developmentRegion = en;
			hasScannedForEncodings = 0;
			knownRegions = (
				en,
				Base,
			);
			mainGroup = 35BE858C24F5F06B003408AE;
			productRefGroup = 35BE859624F5F06B003408AE /* Products */;
			projectDirPath = "";
			projectRoot = "";
			targets = (
				35BE859424F5F06B003408AE /* SunriseApp */,
				35BE85A824F5F06E003408AE /* SunriseApp WatchKit App */,
				35BE85B724F5F06E003408AE /* SunriseApp WatchKit Extension */,
			);
		};
/* End PBXProject section */

/* Begin PBXResourcesBuildPhase section */
		35BE859324F5F06B003408AE /* Resources */ = {
			isa = PBXResourcesBuildPhase;
			buildActionMask = 2147483647;
			files = (
				35BE85A524F5F06D003408AE /* LaunchScreen.storyboard in Resources */,
				35BE85A224F5F06D003408AE /* Assets.xcassets in Resources */,
				35BE85A024F5F06B003408AE /* Main.storyboard in Resources */,
			);
			runOnlyForDeploymentPostprocessing = 0;
		};
		35BE85A724F5F06E003408AE /* Resources */ = {
			isa = PBXResourcesBuildPhase;
			buildActionMask = 2147483647;
			files = (
				35BE85B224F5F06E003408AE /* Assets.xcassets in Resources */,
				35BE85B024F5F06E003408AE /* Interface.storyboard in Resources */,
			);
			runOnlyForDeploymentPostprocessing = 0;
		};
		35BE85B624F5F06E003408AE /* Resources */ = {
			isa = PBXResourcesBuildPhase;
			buildActionMask = 2147483647;
			files = (
				35BE85C224F5F06F003408AE /* Assets.xcassets in Resources */,
			);
			runOnlyForDeploymentPostprocessing = 0;
		};
/* End PBXResourcesBuildPhase section */

/* Begin PBXSourcesBuildPhase section */
		35BE859124F5F06B003408AE /* Sources */ = {
			isa = PBXSourcesBuildPhase;
			buildActionMask = 2147483647;
			files = (
				35BE859D24F5F06B003408AE /* ViewController.swift in Sources */,
				35BE859924F5F06B003408AE /* AppDelegate.swift in Sources */,
				35BE859B24F5F06B003408AE /* SceneDelegate.swift in Sources */,
			);
			runOnlyForDeploymentPostprocessing = 0;
		};
		35BE85B424F5F06E003408AE /* Sources */ = {
			isa = PBXSourcesBuildPhase;
			buildActionMask = 2147483647;
			files = (
				35BE85C024F5F06E003408AE /* ExtensionDelegate.swift in Sources */,
				35BE85BE24F5F06E003408AE /* InterfaceController.swift in Sources */,
			);
			runOnlyForDeploymentPostprocessing = 0;
		};
/* End PBXSourcesBuildPhase section */

/* Begin PBXTargetDependency section */
		35BE85AC24F5F06E003408AE /* PBXTargetDependency */ = {
			isa = PBXTargetDependency;
			target = 35BE85A824F5F06E003408AE /* SunriseApp WatchKit App */;
			targetProxy = 35BE85AB24F5F06E003408AE /* PBXContainerItemProxy */;
		};
		35BE85BB24F5F06E003408AE /* PBXTargetDependency */ = {
			isa = PBXTargetDependency;
			target = 35BE85B724F5F06E003408AE /* SunriseApp WatchKit Extension */;
			targetProxy = 35BE85BA24F5F06E003408AE /* PBXContainerItemProxy */;
		};
/* End PBXTargetDependency section */

/* Begin PBXVariantGroup section */
		35BE859E24F5F06B003408AE /* Main.storyboard */ = {
			isa = PBXVariantGroup;
			children = (
				35BE859F24F5F06B003408AE /* Base */,
			);
			name = Main.storyboard;
			sourceTree = "<group>";
		};
		35BE85A324F5F06D003408AE /* LaunchScreen.storyboard */ = {
			isa = PBXVariantGroup;
			children = (
				35BE85A424F5F06D003408AE /* Base */,
			);
			name = LaunchScreen.storyboard;
			sourceTree = "<group>";
		};
		35BE85AE24F5F06E003408AE /* Interface.storyboard */ = {
			isa = PBXVariantGroup;
			children = (
				35BE85AF24F5F06E003408AE /* Base */,
			);
			name = Interface.storyboard;
			sourceTree = "<group>";
		};
/* End PBXVariantGroup section */

/* Begin XCBuildConfiguration section */
		35BE85C424F5F06F003408AE /* Debug */ = {
			isa = XCBuildConfiguration;
			buildSettings = {
				ALWAYS_SEARCH_USER_PATHS = NO;
				CLANG_ANALYZER_NONNULL = YES;
				CLANG_ANALYZER_NUMBER_OBJECT_CONVERSION = YES_AGGRESSIVE;
				CLANG_CXX_LANGUAGE_STANDARD = "gnu++14";
				CLANG_CXX_LIBRARY = "libc++";
				CLANG_ENABLE_MODULES = YES;
				CLANG_ENABLE_OBJC_ARC = YES;
				CLANG_ENABLE_OBJC_WEAK = YES;
				CLANG_WARN_BLOCK_CAPTURE_AUTORELEASING = YES;
				CLANG_WARN_BOOL_CONVERSION = YES;
				CLANG_WARN_COMMA = YES;
				CLANG_WARN_CONSTANT_CONVERSION = YES;
				CLANG_WARN_DEPRECATED_OBJC_IMPLEMENTATIONS = YES;
				CLANG_WARN_DIRECT_OBJC_ISA_USAGE = YES_ERROR;
				CLANG_WARN_DOCUMENTATION_COMMENTS = YES;
				CLANG_WARN_EMPTY_BODY = YES;
				CLANG_WARN_ENUM_CONVERSION = YES;
				CLANG_WARN_INFINITE_RECURSION = YES;
				CLANG_WARN_INT_CONVERSION = YES;
				CLANG_WARN_NON_LITERAL_NULL_CONVERSION = YES;
				CLANG_WARN_OBJC_IMPLICIT_RETAIN_SELF = YES;
				CLANG_WARN_OBJC_LITERAL_CONVERSION = YES;
				CLANG_WARN_OBJC_ROOT_CLASS = YES_ERROR;
				CLANG_WARN_RANGE_LOOP_ANALYSIS = YES;
				CLANG_WARN_STRICT_PROTOTYPES = YES;
				CLANG_WARN_SUSPICIOUS_MOVE = YES;
				CLANG_WARN_UNGUARDED_AVAILABILITY = YES_AGGRESSIVE;
				CLANG_WARN_UNREACHABLE_CODE = YES;
				CLANG_WARN__DUPLICATE_METHOD_MATCH = YES;
				COPY_PHASE_STRIP = NO;
				DEBUG_INFORMATION_FORMAT = dwarf;
				ENABLE_STRICT_OBJC_MSGSEND = YES;
				ENABLE_TESTABILITY = YES;
				GCC_C_LANGUAGE_STANDARD = gnu11;
				GCC_DYNAMIC_NO_PIC = NO;
				GCC_NO_COMMON_BLOCKS = YES;
				GCC_OPTIMIZATION_LEVEL = 0;
				GCC_PREPROCESSOR_DEFINITIONS = (
					"DEBUG=1",
					"$(inherited)",
				);
				GCC_WARN_64_TO_32_BIT_CONVERSION = YES;
				GCC_WARN_ABOUT_RETURN_TYPE = YES_ERROR;
				GCC_WARN_UNDECLARED_SELECTOR = YES;
				GCC_WARN_UNINITIALIZED_AUTOS = YES_AGGRESSIVE;
				GCC_WARN_UNUSED_FUNCTION = YES;
				GCC_WARN_UNUSED_VARIABLE = YES;
				IPHONEOS_DEPLOYMENT_TARGET = 13.6;
				MTL_ENABLE_DEBUG_INFO = INCLUDE_SOURCE;
				MTL_FAST_MATH = YES;
				ONLY_ACTIVE_ARCH = YES;
				SDKROOT = iphoneos;
				SWIFT_ACTIVE_COMPILATION_CONDITIONS = DEBUG;
				SWIFT_OPTIMIZATION_LEVEL = "-Onone";
			};
			name = Debug;
		};
		35BE85C524F5F06F003408AE /* Release */ = {
			isa = XCBuildConfiguration;
			buildSettings = {
				ALWAYS_SEARCH_USER_PATHS = NO;
				CLANG_ANALYZER_NONNULL = YES;
				CLANG_ANALYZER_NUMBER_OBJECT_CONVERSION = YES_AGGRESSIVE;
				CLANG_CXX_LANGUAGE_STANDARD = "gnu++14";
				CLANG_CXX_LIBRARY = "libc++";
				CLANG_ENABLE_MODULES = YES;
				CLANG_ENABLE_OBJC_ARC = YES;
				CLANG_ENABLE_OBJC_WEAK = YES;
				CLANG_WARN_BLOCK_CAPTURE_AUTORELEASING = YES;
				CLANG_WARN_BOOL_CONVERSION = YES;
				CLANG_WARN_COMMA = YES;
				CLANG_WARN_CONSTANT_CONVERSION = YES;
				CLANG_WARN_DEPRECATED_OBJC_IMPLEMENTATIONS = YES;
				CLANG_WARN_DIRECT_OBJC_ISA_USAGE = YES_ERROR;
				CLANG_WARN_DOCUMENTATION_COMMENTS = YES;
				CLANG_WARN_EMPTY_BODY = YES;
				CLANG_WARN_ENUM_CONVERSION = YES;
				CLANG_WARN_INFINITE_RECURSION = YES;
				CLANG_WARN_INT_CONVERSION = YES;
				CLANG_WARN_NON_LITERAL_NULL_CONVERSION = YES;
				CLANG_WARN_OBJC_IMPLICIT_RETAIN_SELF = YES;
				CLANG_WARN_OBJC_LITERAL_CONVERSION = YES;
				CLANG_WARN_OBJC_ROOT_CLASS = YES_ERROR;
				CLANG_WARN_RANGE_LOOP_ANALYSIS = YES;
				CLANG_WARN_STRICT_PROTOTYPES = YES;
				CLANG_WARN_SUSPICIOUS_MOVE = YES;
				CLANG_WARN_UNGUARDED_AVAILABILITY = YES_AGGRESSIVE;
				CLANG_WARN_UNREACHABLE_CODE = YES;
				CLANG_WARN__DUPLICATE_METHOD_MATCH = YES;
				COPY_PHASE_STRIP = NO;
				DEBUG_INFORMATION_FORMAT = "dwarf-with-dsym";
				ENABLE_NS_ASSERTIONS = NO;
				ENABLE_STRICT_OBJC_MSGSEND = YES;
				GCC_C_LANGUAGE_STANDARD = gnu11;
				GCC_NO_COMMON_BLOCKS = YES;
				GCC_WARN_64_TO_32_BIT_CONVERSION = YES;
				GCC_WARN_ABOUT_RETURN_TYPE = YES_ERROR;
				GCC_WARN_UNDECLARED_SELECTOR = YES;
				GCC_WARN_UNINITIALIZED_AUTOS = YES_AGGRESSIVE;
				GCC_WARN_UNUSED_FUNCTION = YES;
				GCC_WARN_UNUSED_VARIABLE = YES;
				IPHONEOS_DEPLOYMENT_TARGET = 13.6;
				MTL_ENABLE_DEBUG_INFO = NO;
				MTL_FAST_MATH = YES;
				SDKROOT = iphoneos;
				SWIFT_COMPILATION_MODE = wholemodule;
				SWIFT_OPTIMIZATION_LEVEL = "-O";
				VALIDATE_PRODUCT = YES;
			};
			name = Release;
		};
		35BE85C724F5F06F003408AE /* Debug */ = {
			isa = XCBuildConfiguration;
			buildSettings = {
				ASSETCATALOG_COMPILER_COMPLICATION_NAME = Complication;
				CODE_SIGN_STYLE = Automatic;
				DEVELOPMENT_TEAM = 6CZ8T5DFYQ;
				INFOPLIST_FILE = "SunriseApp WatchKit Extension/Info.plist";
				LD_RUNPATH_SEARCH_PATHS = (
					"$(inherited)",
					"@executable_path/Frameworks",
					"@executable_path/../../Frameworks",
				);
				PRODUCT_BUNDLE_IDENTIFIER = com.simran.SunriseApp.watchkitapp.watchkitextension;
				PRODUCT_NAME = "${TARGET_NAME}";
				SDKROOT = watchos;
				SKIP_INSTALL = YES;
				SWIFT_VERSION = 5.0;
				TARGETED_DEVICE_FAMILY = 4;
				WATCHOS_DEPLOYMENT_TARGET = 6.2;
			};
			name = Debug;
		};
		35BE85C824F5F06F003408AE /* Release */ = {
			isa = XCBuildConfiguration;
			buildSettings = {
				ASSETCATALOG_COMPILER_COMPLICATION_NAME = Complication;
				CODE_SIGN_STYLE = Automatic;
				DEVELOPMENT_TEAM = 6CZ8T5DFYQ;
				INFOPLIST_FILE = "SunriseApp WatchKit Extension/Info.plist";
				LD_RUNPATH_SEARCH_PATHS = (
					"$(inherited)",
					"@executable_path/Frameworks",
					"@executable_path/../../Frameworks",
				);
				PRODUCT_BUNDLE_IDENTIFIER = com.simran.SunriseApp.watchkitapp.watchkitextension;
				PRODUCT_NAME = "${TARGET_NAME}";
				SDKROOT = watchos;
				SKIP_INSTALL = YES;
				SWIFT_VERSION = 5.0;
				TARGETED_DEVICE_FAMILY = 4;
				WATCHOS_DEPLOYMENT_TARGET = 6.2;
			};
			name = Release;
		};
		35BE85CB24F5F06F003408AE /* Debug */ = {
			isa = XCBuildConfiguration;
			buildSettings = {
				ALWAYS_EMBED_SWIFT_STANDARD_LIBRARIES = YES;
				ASSETCATALOG_COMPILER_APPICON_NAME = AppIcon;
				CODE_SIGN_STYLE = Automatic;
				DEVELOPMENT_TEAM = 6CZ8T5DFYQ;
				IBSC_MODULE = SunriseApp_WatchKit_Extension;
				INFOPLIST_FILE = "SunriseApp WatchKit App/Info.plist";
				PRODUCT_BUNDLE_IDENTIFIER = com.simran.SunriseApp.watchkitapp;
				PRODUCT_NAME = "$(TARGET_NAME)";
				SDKROOT = watchos;
				SKIP_INSTALL = YES;
				SWIFT_VERSION = 5.0;
				TARGETED_DEVICE_FAMILY = 4;
				WATCHOS_DEPLOYMENT_TARGET = 6.2;
			};
			name = Debug;
		};
		35BE85CC24F5F06F003408AE /* Release */ = {
			isa = XCBuildConfiguration;
			buildSettings = {
				ALWAYS_EMBED_SWIFT_STANDARD_LIBRARIES = YES;
				ASSETCATALOG_COMPILER_APPICON_NAME = AppIcon;
				CODE_SIGN_STYLE = Automatic;
				DEVELOPMENT_TEAM = 6CZ8T5DFYQ;
				IBSC_MODULE = SunriseApp_WatchKit_Extension;
				INFOPLIST_FILE = "SunriseApp WatchKit App/Info.plist";
				PRODUCT_BUNDLE_IDENTIFIER = com.simran.SunriseApp.watchkitapp;
				PRODUCT_NAME = "$(TARGET_NAME)";
				SDKROOT = watchos;
				SKIP_INSTALL = YES;
				SWIFT_VERSION = 5.0;
				TARGETED_DEVICE_FAMILY = 4;
				WATCHOS_DEPLOYMENT_TARGET = 6.2;
			};
			name = Release;
		};
		35BE85CF24F5F06F003408AE /* Debug */ = {
			isa = XCBuildConfiguration;
			buildSettings = {
				ASSETCATALOG_COMPILER_APPICON_NAME = AppIcon;
				CODE_SIGN_STYLE = Automatic;
				DEVELOPMENT_TEAM = 6CZ8T5DFYQ;
				INFOPLIST_FILE = SunriseApp/Info.plist;
				LD_RUNPATH_SEARCH_PATHS = (
					"$(inherited)",
					"@executable_path/Frameworks",
				);
				PRODUCT_BUNDLE_IDENTIFIER = com.simran.SunriseApp;
				PRODUCT_NAME = "$(TARGET_NAME)";
				SWIFT_VERSION = 5.0;
				TARGETED_DEVICE_FAMILY = "1,2";
			};
			name = Debug;
		};
		35BE85D024F5F06F003408AE /* Release */ = {
			isa = XCBuildConfiguration;
			buildSettings = {
				ASSETCATALOG_COMPILER_APPICON_NAME = AppIcon;
				CODE_SIGN_STYLE = Automatic;
				DEVELOPMENT_TEAM = 6CZ8T5DFYQ;
				INFOPLIST_FILE = SunriseApp/Info.plist;
				LD_RUNPATH_SEARCH_PATHS = (
					"$(inherited)",
					"@executable_path/Frameworks",
				);
				PRODUCT_BUNDLE_IDENTIFIER = com.simran.SunriseApp;
				PRODUCT_NAME = "$(TARGET_NAME)";
				SWIFT_VERSION = 5.0;
				TARGETED_DEVICE_FAMILY = "1,2";
			};
			name = Release;
		};
/* End XCBuildConfiguration section */

/* Begin XCConfigurationList section */
		35BE859024F5F06B003408AE /* Build configuration list for PBXProject "SunriseApp" */ = {
			isa = XCConfigurationList;
			buildConfigurations = (
				35BE85C424F5F06F003408AE /* Debug */,
				35BE85C524F5F06F003408AE /* Release */,
			);
			defaultConfigurationIsVisible = 0;
			defaultConfigurationName = Release;
		};
		35BE85C624F5F06F003408AE /* Build configuration list for PBXNativeTarget "SunriseApp WatchKit Extension" */ = {
			isa = XCConfigurationList;
			buildConfigurations = (
				35BE85C724F5F06F003408AE /* Debug */,
				35BE85C824F5F06F003408AE /* Release */,
			);
			defaultConfigurationIsVisible = 0;
			defaultConfigurationName = Release;
		};
		35BE85CA24F5F06F003408AE /* Build configuration list for PBXNativeTarget "SunriseApp WatchKit App" */ = {
			isa = XCConfigurationList;
			buildConfigurations = (
				35BE85CB24F5F06F003408AE /* Debug */,
				35BE85CC24F5F06F003408AE /* Release */,
			);
			defaultConfigurationIsVisible = 0;
			defaultConfigurationName = Release;
		};
		35BE85CE24F5F06F003408AE /* Build configuration list for PBXNativeTarget "SunriseApp" */ = {
			isa = XCConfigurationList;
			buildConfigurations = (
				35BE85CF24F5F06F003408AE /* Debug */,
				35BE85D024F5F06F003408AE /* Release */,
			);
			defaultConfigurationIsVisible = 0;
			defaultConfigurationName = Release;
		};
/* End XCConfigurationList section */
	};
	rootObject = 35BE858D24F5F06B003408AE /* Project object */;
}
